Microsoft Visual Studio Solution File, Format Version 11.00
# Visual Studio 2008

Project("{58E748DD-3145-E17B-0206-739F99F6260D}") = "CellBioSim - Copy (2)", "Assembly-CSharp-firstpass.csproj", "{B017B8D8-450B-4BFC-D42D-7936250F14FE}"
EndProject
Project("{58E748DD-3145-E17B-0206-739F99F6260D}") = "CellBioSim - Copy (2)", "Assembly-CSharp.csproj", "{85FF40CD-F195-0CB8-D9C9-11CE60962E65}"
EndProject
Project("{58E748DD-3145-E17B-0206-739F99F6260D}") = "CellBioSim - Copy (2)", "Assembly-CSharp-Editor.csproj", "{BED47B5A-E6A7-D9C0-83C5-BD63665B2E6A}"
EndProject
Project("{58E748DD-3145-E17B-0206-739F99F6260D}") = "CellBioSim - Copy (2)", "Assembly-UnityScript.unityproj", "{5C746FCB-2C6C-DA9C-D1E9-6FB34EBC8970}"
EndProject
Global
	GlobalSection(SolutionConfigurationPlatforms) = preSolution
		Debug|Any CPU = Debug|Any CPU
		Release|Any CPU = Release|Any CPU
	EndGlobalSection
	GlobalSection(ProjectConfigurationPlatforms) = postSolution
		{B017B8D8-450B-4BFC-D42D-7936250F14FE}.Debug|Any CPU.ActiveCfg = Debug|Any CPU
		{B017B8D8-450B-4BFC-D42D-7936250F14FE}.Debug|Any CPU.Build.0 = Debug|Any CPU
		{B017B8D8-450B-4BFC-D42D-7936250F14FE}.Release|Any CPU.ActiveCfg = Release|Any CPU
		{B017B8D8-450B-4BFC-D42D-7936250F14FE}.Release|Any CPU.Build.0 = Release|Any CPU
		{85FF40CD-F195-0CB8-D9C9-11CE60962E65}.Debug|Any CPU.ActiveCfg = Debug|Any CPU
		{85FF40CD-F195-0CB8-D9C9-11CE60962E65}.Debug|Any CPU.Build.0 = Debug|Any CPU
		{85FF40CD-F195-0CB8-D9C9-11CE60962E65}.Release|Any CPU.ActiveCfg = Release|Any CPU
		{85FF40CD-F195-0CB8-D9C9-11CE60962E65}.Release|Any CPU.Build.0 = Release|Any CPU
		{BED47B5A-E6A7-D9C0-83C5-BD63665B2E6A}.Debug|Any CPU.ActiveCfg = Debug|Any CPU
		{BED47B5A-E6A7-D9C0-83C5-BD63665B2E6A}.Debug|Any CPU.Build.0 = Debug|Any CPU
		{BED47B5A-E6A7-D9C0-83C5-BD63665B2E6A}.Release|Any CPU.ActiveCfg = Release|Any CPU
		{BED47B5A-E6A7-D9C0-83C5-BD63665B2E6A}.Release|Any CPU.Build.0 = Release|Any CPU
		{5C746FCB-2C6C-DA9C-D1E9-6FB34EBC8970}.Debug|Any CPU.ActiveCfg = Debug|Any CPU
		{5C746FCB-2C6C-DA9C-D1E9-6FB34EBC8970}.Debug|Any CPU.Build.0 = Debug|Any CPU
		{5C746FCB-2C6C-DA9C-D1E9-6FB34EBC8970}.Release|Any CPU.ActiveCfg = Release|Any CPU
		{5C746FCB-2C6C-DA9C-D1E9-6FB34EBC8970}.Release|Any CPU.Build.0 = Release|Any CPU
	EndGlobalSection
	GlobalSection(SolutionProperties) = preSolution
		HideSolutionNode = FALSE
	EndGlobalSection
		GlobalSection(MonoDevelopProperties) = preSolution
		StartupItem = Assembly-CSharp.csproj
		Policies = $0
		$0.TextStylePolicy = $1
		$1.inheritsSet = null
		$1.scope = text/x-csharp
		$0.CSharpFormattingPolicy = $2
		$2.inheritsSet = Mono
		$2.inheritsScope = text/x-csharp
		$2.scope = text/x-csharp
		$0.TextStylePolicy = $3
		$3.FileWidth = 120
		$3.TabWidth = 4
		$3.IndentWidth = 4
		$3.EolMarker = Unix
		$3.inheritsSet = Mono
		$3.inheritsScope = text/plain
		$3.scope = text/plain
	EndGlobalSection

EndGlobal
